
Microsoft Visual Studio Solution File, Format Version 12.00
# Visual Studio Version 17
VisualStudioVersion = 17.6.33815.320
MinimumVisualStudioVersion = 10.0.40219.1
Project("{FAE04EC0-301F-11D3-BF4B-00C04F79EFBC}") = "practise02", "practise02\practise02.csproj", "{2DBD2B30-1561-43A9-9877-FDFB1E9E84B1}"
EndProject
Global
	GlobalSection(SolutionConfigurationPlatforms) = preSolution
		Debug|Any CPU = Debug|Any CPU
		Release|Any CPU = Release|Any CPU
	EndGlobalSection
	GlobalSection(ProjectConfigurationPlatforms) = postSolution
		{2DBD2B30-1561-43A9-9877-FDFB1E9E84B1}.Debug|Any CPU.ActiveCfg = Debug|Any CPU
		{2DBD2B30-1561-43A9-9877-FDFB1E9E84B1}.Debug|Any CPU.Build.0 = Debug|Any CPU
		{2DBD2B30-1561-43A9-9877-FDFB1E9E84B1}.Release|Any CPU.ActiveCfg = Release|Any CPU
		{2DBD2B30-1561-43A9-9877-FDFB1E9E84B1}.Release|Any CPU.Build.0 = Release|Any CPU
	EndGlobalSection
	GlobalSection(SolutionProperties) = preSolution
		HideSolutionNode = FALSE
	EndGlobalSection
	GlobalSection(ExtensibilityGlobals) = postSolution
		SolutionGuid = {C4DBCD89-2BAB-442D-A8F5-662FC8440DE6}
	EndGlobalSection
EndGlobal
